
Microsoft Visual Studio Solution File, Format Version 12.00
# Visual Studio Version 17
VisualStudioVersion = 17.12.35527.113
MinimumVisualStudioVersion = 10.0.40219.1
Project("{8BC9CEB8-8B4A-11D0-8D11-00A0C91BC942}") = "3 laba", "3 laba.vcxproj", "{678446FC-0969-4412-AEB7-6E75B15DC0EB}"
EndProject
Project("{8BC9CEB8-8B4A-11D0-8D11-00A0C91BC942}") = "MyQueue", "MyQueue\MyQueue.vcxproj", "{20AF6AFF-13C3-40FB-949E-5FDE2B64A5C8}"
EndProject
Global
	GlobalSection(SolutionConfigurationPlatforms) = preSolution
		Debug|x64 = Debug|x64
		Debug|x86 = Debug|x86
		Release|x64 = Release|x64
		Release|x86 = Release|x86
	EndGlobalSection
	GlobalSection(ProjectConfigurationPlatforms) = postSolution
		{678446FC-0969-4412-AEB7-6E75B15DC0EB}.Debug|x64.ActiveCfg = Debug|x64
		{678446FC-0969-4412-AEB7-6E75B15DC0EB}.Debug|x64.Build.0 = Debug|x64
		{678446FC-0969-4412-AEB7-6E75B15DC0EB}.Debug|x86.ActiveCfg = Debug|Win32
		{678446FC-0969-4412-AEB7-6E75B15DC0EB}.Debug|x86.Build.0 = Debug|Win32
		{678446FC-0969-4412-AEB7-6E75B15DC0EB}.Release|x64.ActiveCfg = Release|x64
		{678446FC-0969-4412-AEB7-6E75B15DC0EB}.Release|x64.Build.0 = Release|x64
		{678446FC-0969-4412-AEB7-6E75B15DC0EB}.Release|x86.ActiveCfg = Release|Win32
		{678446FC-0969-4412-AEB7-6E75B15DC0EB}.Release|x86.Build.0 = Release|Win32
		{20AF6AFF-13C3-40FB-949E-5FDE2B64A5C8}.Debug|x64.ActiveCfg = Debug|x64
		{20AF6AFF-13C3-40FB-949E-5FDE2B64A5C8}.Debug|x64.Build.0 = Debug|x64
		{20AF6AFF-13C3-40FB-949E-5FDE2B64A5C8}.Debug|x86.ActiveCfg = Debug|Win32
		{20AF6AFF-13C3-40FB-949E-5FDE2B64A5C8}.Debug|x86.Build.0 = Debug|Win32
		{20AF6AFF-13C3-40FB-949E-5FDE2B64A5C8}.Release|x64.ActiveCfg = Release|x64
		{20AF6AFF-13C3-40FB-949E-5FDE2B64A5C8}.Release|x64.Build.0 = Release|x64
		{20AF6AFF-13C3-40FB-949E-5FDE2B64A5C8}.Release|x86.ActiveCfg = Release|Win32
		{20AF6AFF-13C3-40FB-949E-5FDE2B64A5C8}.Release|x86.Build.0 = Release|Win32
	EndGlobalSection
	GlobalSection(SolutionProperties) = preSolution
		HideSolutionNode = FALSE
	EndGlobalSection
EndGlobal
